
Microsoft Visual Studio Solution File, Format Version 12.00
# Visual Studio 15
VisualStudioVersion = 15.0.27703.2000
MinimumVisualStudioVersion = 10.0.40219.1
Project("{E24C65DC-7377-472B-9ABA-BC803B73C61A}") = "Web6", "Web6\", "{1B7BC574-6432-4A77-95A0-AAFA70A32A1F}"
	ProjectSection(WebsiteProperties) = preProject
		TargetFrameworkMoniker = ".NETFramework,Version%3Dv4.6.1"
		Debug.AspNetCompiler.VirtualPath = "/localhost_59495"
		Debug.AspNetCompiler.PhysicalPath = "Web6\"
		Debug.AspNetCompiler.TargetPath = "PrecompiledWeb\localhost_59495\"
		Debug.AspNetCompiler.Updateable = "true"
		Debug.AspNetCompiler.ForceOverwrite = "true"
		Debug.AspNetCompiler.FixedNames = "false"
		Debug.AspNetCompiler.Debug = "True"
		Release.AspNetCompiler.VirtualPath = "/localhost_59495"
		Release.AspNetCompiler.PhysicalPath = "Web6\"
		Release.AspNetCompiler.TargetPath = "PrecompiledWeb\localhost_59495\"
		Release.AspNetCompiler.Updateable = "true"
		Release.AspNetCompiler.ForceOverwrite = "true"
		Release.AspNetCompiler.FixedNames = "false"
		Release.AspNetCompiler.Debug = "False"
		VWDPort = "59495"
		SlnRelativePath = "Web6\"
		DefaultWebSiteLanguage = "Visual C#"
	EndProjectSection
EndProject
Global
	GlobalSection(SolutionConfigurationPlatforms) = preSolution
		Debug|Any CPU = Debug|Any CPU
	EndGlobalSection
	GlobalSection(ProjectConfigurationPlatforms) = postSolution
		{1B7BC574-6432-4A77-95A0-AAFA70A32A1F}.Debug|Any CPU.ActiveCfg = Debug|Any CPU
		{1B7BC574-6432-4A77-95A0-AAFA70A32A1F}.Debug|Any CPU.Build.0 = Debug|Any CPU
	EndGlobalSection
	GlobalSection(SolutionProperties) = preSolution
		HideSolutionNode = FALSE
	EndGlobalSection
	GlobalSection(ExtensibilityGlobals) = postSolution
		SolutionGuid = {D53307EA-19A4-4C59-B1C2-32A9AFAB5C83}
	EndGlobalSection
EndGlobal
